// !$*UTF8*$!
{
	archiveVersion = 1;
	classes = {
	};
	objectVersion = 46;
	objects = {

/* Begin PBXBuildFile section */
		110621581F6FB6000015A4B3 /* ViewController.swift in Sources */ = {isa = PBXBuildFile; fileRef = 110621571F6FB6000015A4B3 /* ViewController.swift */; };
		1106215B1F6FB6000015A4B3 /* Main.storyboard in Resources */ = {isa = PBXBuildFile; fileRef = 110621591F6FB6000015A4B3 /* Main.storyboard */; };
		1106215D1F6FB6000015A4B3 /* Assets.xcassets in Resources */ = {isa = PBXBuildFile; fileRef = 1106215C1F6FB6000015A4B3 /* Assets.xcassets */; };
		110621601F6FB6000015A4B3 /* LaunchScreen.storyboard in Resources */ = {isa = PBXBuildFile; fileRef = 1106215E1F6FB6000015A4B3 /* LaunchScreen.storyboard */; };
		1106216B1F6FB6000015A4B3 /* mySwiftTests.swift in Sources */ = {isa = PBXBuildFile; fileRef = 1106216A1F6FB6000015A4B3 /* mySwiftTests.swift */; };
		110621761F6FB6000015A4B3 /* mySwiftUITests.swift in Sources */ = {isa = PBXBuildFile; fileRef = 110621751F6FB6000015A4B3 /* mySwiftUITests.swift */; };
		115715891F73AEBA00F0D099 /* WeiTouTiaoViewController.swift in Sources */ = {isa = PBXBuildFile; fileRef = 115715801F73AEBA00F0D099 /* WeiTouTiaoViewController.swift */; };
		1157158A1F73AEBA00F0D099 /* Const.swift in Sources */ = {isa = PBXBuildFile; fileRef = 115715821F73AEBA00F0D099 /* Const.swift */; };
		1157158C1F73AEBA00F0D099 /* AppDelegate.swift in Sources */ = {isa = PBXBuildFile; fileRef = 115715861F73AEBA00F0D099 /* AppDelegate.swift */; };
		1157158D1F73AEBA00F0D099 /* MyNavigationController.swift in Sources */ = {isa = PBXBuildFile; fileRef = 115715871F73AEBA00F0D099 /* MyNavigationController.swift */; };
		1157158E1F73AEBA00F0D099 /* MyTabBarController.swift in Sources */ = {isa = PBXBuildFile; fileRef = 115715881F73AEBA00F0D099 /* MyTabBarController.swift */; };
		115715951F73AEC300F0D099 /* VideoViewController.swift in Sources */ = {isa = PBXBuildFile; fileRef = 115715901F73AEC300F0D099 /* VideoViewController.swift */; };
		115715961F73AEC300F0D099 /* MineViewController.swift in Sources */ = {isa = PBXBuildFile; fileRef = 115715921F73AEC300F0D099 /* MineViewController.swift */; };
		115715971F73AEC300F0D099 /* AdvertiseViewController.swift in Sources */ = {isa = PBXBuildFile; fileRef = 115715941F73AEC300F0D099 /* AdvertiseViewController.swift */; };
		1157159A1F73B27B00F0D099 /* UIColor+Extension.swift in Sources */ = {isa = PBXBuildFile; fileRef = 115715991F73B27B00F0D099 /* UIColor+Extension.swift */; };
		1157159F1F73B89800F0D099 /* HomeViewController.swift in Sources */ = {isa = PBXBuildFile; fileRef = 1157159D1F73B89800F0D099 /* HomeViewController.swift */; };
		115715A31F73B98F00F0D099 /* HomeNavigationBar.swift in Sources */ = {isa = PBXBuildFile; fileRef = 115715A21F73B98F00F0D099 /* HomeNavigationBar.swift */; };
		115715A51F73C24400F0D099 /* HomeSearchBar.swift in Sources */ = {isa = PBXBuildFile; fileRef = 115715A41F73C24400F0D099 /* HomeSearchBar.swift */; };
		6D9596D6D5DE01F767FA5E17 /* Pods_mySwift.framework in Frameworks */ = {isa = PBXBuildFile; fileRef = 3B03625955E17273063927E9 /* Pods_mySwift.framework */; };
/* End PBXBuildFile section */

/* Begin PBXContainerItemProxy section */
		110621671F6FB6000015A4B3 /* PBXContainerItemProxy */ = {
			isa = PBXContainerItemProxy;
			containerPortal = 1106214A1F6FB6000015A4B3 /* Project object */;
			proxyType = 1;
			remoteGlobalIDString = 110621511F6FB6000015A4B3;
			remoteInfo = mySwift;
		};
		110621721F6FB6000015A4B3 /* PBXContainerItemProxy */ = {
			isa = PBXContainerItemProxy;
			containerPortal = 1106214A1F6FB6000015A4B3 /* Project object */;
			proxyType = 1;
			remoteGlobalIDString = 110621511F6FB6000015A4B3;
			remoteInfo = mySwift;
		};
/* End PBXContainerItemProxy section */

/* Begin PBXFileReference section */
		110621521F6FB6000015A4B3 /* mySwift.app */ = {isa = PBXFileReference; explicitFileType = wrapper.application; includeInIndex = 0; path = mySwift.app; sourceTree = BUILT_PRODUCTS_DIR; };
		110621571F6FB6000015A4B3 /* ViewController.swift */ = {isa = PBXFileReference; lastKnownFileType = sourcecode.swift; path = ViewController.swift; sourceTree = "<group>"; };
		1106215A1F6FB6000015A4B3 /* Base */ = {isa = PBXFileReference; lastKnownFileType = file.storyboard; name = Base; path = Base.lproj/Main.storyboard; sourceTree = "<group>"; };
		1106215C1F6FB6000015A4B3 /* Assets.xcassets */ = {isa = PBXFileReference; lastKnownFileType = folder.assetcatalog; path = Assets.xcassets; sourceTree = "<group>"; };
		1106215F1F6FB6000015A4B3 /* Base */ = {isa = PBXFileReference; lastKnownFileType = file.storyboard; name = Base; path = Base.lproj/LaunchScreen.storyboard; sourceTree = "<group>"; };
		110621611F6FB6000015A4B3 /* Info.plist */ = {isa = PBXFileReference; lastKnownFileType = text.plist.xml; path = Info.plist; sourceTree = "<group>"; };
		110621661F6FB6000015A4B3 /* mySwiftTests.xctest */ = {isa = PBXFileReference; explicitFileType = wrapper.cfbundle; includeInIndex = 0; path = mySwiftTests.xctest; sourceTree = BUILT_PRODUCTS_DIR; };
		1106216A1F6FB6000015A4B3 /* mySwiftTests.swift */ = {isa = PBXFileReference; lastKnownFileType = sourcecode.swift; path = mySwiftTests.swift; sourceTree = "<group>"; };
		1106216C1F6FB6000015A4B3 /* Info.plist */ = {isa = PBXFileReference; lastKnownFileType = text.plist.xml; path = Info.plist; sourceTree = "<group>"; };
		110621711F6FB6000015A4B3 /* mySwiftUITests.xctest */ = {isa = PBXFileReference; explicitFileType = wrapper.cfbundle; includeInIndex = 0; path = mySwiftUITests.xctest; sourceTree = BUILT_PRODUCTS_DIR; };
		110621751F6FB6000015A4B3 /* mySwiftUITests.swift */ = {isa = PBXFileReference; lastKnownFileType = sourcecode.swift; path = mySwiftUITests.swift; sourceTree = "<group>"; };
		110621771F6FB6000015A4B3 /* Info.plist */ = {isa = PBXFileReference; lastKnownFileType = text.plist.xml; path = Info.plist; sourceTree = "<group>"; };
		115715801F73AEBA00F0D099 /* WeiTouTiaoViewController.swift */ = {isa = PBXFileReference; fileEncoding = 4; lastKnownFileType = sourcecode.swift; path = WeiTouTiaoViewController.swift; sourceTree = "<group>"; };
		115715821F73AEBA00F0D099 /* Const.swift */ = {isa = PBXFileReference; fileEncoding = 4; lastKnownFileType = sourcecode.swift; path = Const.swift; sourceTree = "<group>"; };
		115715861F73AEBA00F0D099 /* AppDelegate.swift */ = {isa = PBXFileReference; fileEncoding = 4; lastKnownFileType = sourcecode.swift; path = AppDelegate.swift; sourceTree = "<group>"; };
		115715871F73AEBA00F0D099 /* MyNavigationController.swift */ = {isa = PBXFileReference; fileEncoding = 4; lastKnownFileType = sourcecode.swift; path = MyNavigationController.swift; sourceTree = "<group>"; };
		115715881F73AEBA00F0D099 /* MyTabBarController.swift */ = {isa = PBXFileReference; fileEncoding = 4; lastKnownFileType = sourcecode.swift; path = MyTabBarController.swift; sourceTree = "<group>"; };
		115715901F73AEC300F0D099 /* VideoViewController.swift */ = {isa = PBXFileReference; fileEncoding = 4; lastKnownFileType = sourcecode.swift; path = VideoViewController.swift; sourceTree = "<group>"; };
		115715921F73AEC300F0D099 /* MineViewController.swift */ = {isa = PBXFileReference; fileEncoding = 4; lastKnownFileType = sourcecode.swift; path = MineViewController.swift; sourceTree = "<group>"; };
		115715941F73AEC300F0D099 /* AdvertiseViewController.swift */ = {isa = PBXFileReference; fileEncoding = 4; lastKnownFileType = sourcecode.swift; path = AdvertiseViewController.swift; sourceTree = "<group>"; };
		115715991F73B27B00F0D099 /* UIColor+Extension.swift */ = {isa = PBXFileReference; fileEncoding = 4; lastKnownFileType = sourcecode.swift; path = "UIColor+Extension.swift"; sourceTree = "<group>"; };
		1157159D1F73B89800F0D099 /* HomeViewController.swift */ = {isa = PBXFileReference; fileEncoding = 4; lastKnownFileType = sourcecode.swift; path = HomeViewController.swift; sourceTree = "<group>"; };
		115715A21F73B98F00F0D099 /* HomeNavigationBar.swift */ = {isa = PBXFileReference; fileEncoding = 4; lastKnownFileType = sourcecode.swift; path = HomeNavigationBar.swift; sourceTree = "<group>"; };
		115715A41F73C24400F0D099 /* HomeSearchBar.swift */ = {isa = PBXFileReference; fileEncoding = 4; lastKnownFileType = sourcecode.swift; path = HomeSearchBar.swift; sourceTree = "<group>"; };
		3B03625955E17273063927E9 /* Pods_mySwift.framework */ = {isa = PBXFileReference; explicitFileType = wrapper.framework; includeInIndex = 0; path = Pods_mySwift.framework; sourceTree = BUILT_PRODUCTS_DIR; };
		9A1EE46F02D8E38E67B1F114 /* Pods-mySwift.debug.xcconfig */ = {isa = PBXFileReference; includeInIndex = 1; lastKnownFileType = text.xcconfig; name = "Pods-mySwift.debug.xcconfig"; path = "Pods/Target Support Files/Pods-mySwift/Pods-mySwift.debug.xcconfig"; sourceTree = "<group>"; };
		D8CA00A8C42E5F251656E103 /* Pods-mySwift.release.xcconfig */ = {isa = PBXFileReference; includeInIndex = 1; lastKnownFileType = text.xcconfig; name = "Pods-mySwift.release.xcconfig"; path = "Pods/Target Support Files/Pods-mySwift/Pods-mySwift.release.xcconfig"; sourceTree = "<group>"; };
/* End PBXFileReference section */

/* Begin PBXFrameworksBuildPhase section */
		1106214F1F6FB6000015A4B3 /* Frameworks */ = {
			isa = PBXFrameworksBuildPhase;
			buildActionMask = 2147483647;
			files = (
				6D9596D6D5DE01F767FA5E17 /* Pods_mySwift.framework in Frameworks */,
			);
			runOnlyForDeploymentPostprocessing = 0;
		};
		110621631F6FB6000015A4B3 /* Frameworks */ = {
			isa = PBXFrameworksBuildPhase;
			buildActionMask = 2147483647;
			files = (
			);
			runOnlyForDeploymentPostprocessing = 0;
		};
		1106216E1F6FB6000015A4B3 /* Frameworks */ = {
			isa = PBXFrameworksBuildPhase;
			buildActionMask = 2147483647;
			files = (
			);
			runOnlyForDeploymentPostprocessing = 0;
		};
/* End PBXFrameworksBuildPhase section */

/* Begin PBXGroup section */
		110621491F6FB6000015A4B3 = {
			isa = PBXGroup;
			children = (
				110621541F6FB6000015A4B3 /* mySwift */,
				110621691F6FB6000015A4B3 /* mySwiftTests */,
				110621741F6FB6000015A4B3 /* mySwiftUITests */,
				110621531F6FB6000015A4B3 /* Products */,
				4906CB4683C4B8AEC4BA0F85 /* Pods */,
				59C1CF6F0D8822773252FAEA /* Frameworks */,
			);
			sourceTree = "<group>";
		};
		110621531F6FB6000015A4B3 /* Products */ = {
			isa = PBXGroup;
			children = (
				110621521F6FB6000015A4B3 /* mySwift.app */,
				110621661F6FB6000015A4B3 /* mySwiftTests.xctest */,
				110621711F6FB6000015A4B3 /* mySwiftUITests.xctest */,
			);
			name = Products;
			sourceTree = "<group>";
		};
		110621541F6FB6000015A4B3 /* mySwift */ = {
			isa = PBXGroup;
			children = (
				115715851F73AEBA00F0D099 /* MainTabbarVC */,
				115715831F73AEBA00F0D099 /* HomeVC */,
				1157158F1F73AEC300F0D099 /* VideoVC */,
				1157157F1F73AEBA00F0D099 /* weitoutiao */,
				115715911F73AEC300F0D099 /* MineVC */,
				115715931F73AEC300F0D099 /* AdvertiseVC */,
				115715811F73AEBA00F0D099 /* Const */,
				115715981F73B1A100F0D099 /* Category */,
				110621571F6FB6000015A4B3 /* ViewController.swift */,
				110621591F6FB6000015A4B3 /* Main.storyboard */,
				1106215C1F6FB6000015A4B3 /* Assets.xcassets */,
				1106215E1F6FB6000015A4B3 /* LaunchScreen.storyboard */,
				110621611F6FB6000015A4B3 /* Info.plist */,
			);
			path = mySwift;
			sourceTree = "<group>";
		};
		110621691F6FB6000015A4B3 /* mySwiftTests */ = {
			isa = PBXGroup;
			children = (
				1106216A1F6FB6000015A4B3 /* mySwiftTests.swift */,
				1106216C1F6FB6000015A4B3 /* Info.plist */,
			);
			path = mySwiftTests;
			sourceTree = "<group>";
		};
		110621741F6FB6000015A4B3 /* mySwiftUITests */ = {
			isa = PBXGroup;
			children = (
				110621751F6FB6000015A4B3 /* mySwiftUITests.swift */,
				110621771F6FB6000015A4B3 /* Info.plist */,
			);
			path = mySwiftUITests;
			sourceTree = "<group>";
		};
		1157157F1F73AEBA00F0D099 /* weitoutiao */ = {
			isa = PBXGroup;
			children = (
				115715801F73AEBA00F0D099 /* WeiTouTiaoViewController.swift */,
			);
			path = weitoutiao;
			sourceTree = "<group>";
		};
		115715811F73AEBA00F0D099 /* Const */ = {
			isa = PBXGroup;
			children = (
				115715821F73AEBA00F0D099 /* Const.swift */,
			);
			path = Const;
			sourceTree = "<group>";
		};
		115715831F73AEBA00F0D099 /* HomeVC */ = {
			isa = PBXGroup;
			children = (
				1157159C1F73B89800F0D099 /* vc */,
				1157159B1F73B89800F0D099 /* model */,
				1157159E1F73B89800F0D099 /* view */,
			);
			path = HomeVC;
			sourceTree = "<group>";
		};
		115715851F73AEBA00F0D099 /* MainTabbarVC */ = {
			isa = PBXGroup;
			children = (
				115715861F73AEBA00F0D099 /* AppDelegate.swift */,
				115715871F73AEBA00F0D099 /* MyNavigationController.swift */,
				115715881F73AEBA00F0D099 /* MyTabBarController.swift */,
			);
			path = MainTabbarVC;
			sourceTree = "<group>";
		};
		1157158F1F73AEC300F0D099 /* VideoVC */ = {
			isa = PBXGroup;
			children = (
				115715901F73AEC300F0D099 /* VideoViewController.swift */,
			);
			path = VideoVC;
			sourceTree = "<group>";
		};
		115715911F73AEC300F0D099 /* MineVC */ = {
			isa = PBXGroup;
			children = (
				115715921F73AEC300F0D099 /* MineViewController.swift */,
			);
			path = MineVC;
			sourceTree = "<group>";
		};
		115715931F73AEC300F0D099 /* AdvertiseVC */ = {
			isa = PBXGroup;
			children = (
				115715941F73AEC300F0D099 /* AdvertiseViewController.swift */,
			);
			path = AdvertiseVC;
			sourceTree = "<group>";
		};
		115715981F73B1A100F0D099 /* Category */ = {
			isa = PBXGroup;
			children = (
				115715991F73B27B00F0D099 /* UIColor+Extension.swift */,
			);
			name = Category;
			path = Const/Category;
			sourceTree = "<group>";
		};
		1157159B1F73B89800F0D099 /* model */ = {
			isa = PBXGroup;
			children = (
			);
			path = model;
			sourceTree = "<group>";
		};
		1157159C1F73B89800F0D099 /* vc */ = {
			isa = PBXGroup;
			children = (
				1157159D1F73B89800F0D099 /* HomeViewController.swift */,
			);
			path = vc;
			sourceTree = "<group>";
		};
		1157159E1F73B89800F0D099 /* view */ = {
			isa = PBXGroup;
			children = (
				115715A21F73B98F00F0D099 /* HomeNavigationBar.swift */,
				115715A41F73C24400F0D099 /* HomeSearchBar.swift */,
			);
			path = view;
			sourceTree = "<group>";
		};
		4906CB4683C4B8AEC4BA0F85 /* Pods */ = {
			isa = PBXGroup;
			children = (
				9A1EE46F02D8E38E67B1F114 /* Pods-mySwift.debug.xcconfig */,
				D8CA00A8C42E5F251656E103 /* Pods-mySwift.release.xcconfig */,
			);
			name = Pods;
			sourceTree = "<group>";
		};
		59C1CF6F0D8822773252FAEA /* Frameworks */ = {
			isa = PBXGroup;
			children = (
				3B03625955E17273063927E9 /* Pods_mySwift.framework */,
			);
			name = Frameworks;
			sourceTree = "<group>";
		};
/* End PBXGroup section */

/* Begin PBXNativeTarget section */
		110621511F6FB6000015A4B3 /* mySwift */ = {
			isa = PBXNativeTarget;
			buildConfigurationList = 1106217A1F6FB6000015A4B3 /* Build configuration list for PBXNativeTarget "mySwift" */;
			buildPhases = (
				F877B772356FD25B28947318 /* [CP] Check Pods Manifest.lock */,
				1106214E1F6FB6000015A4B3 /* Sources */,
				1106214F1F6FB6000015A4B3 /* Frameworks */,
				110621501F6FB6000015A4B3 /* Resources */,
				9E2B5FD3EF3CD4C8A036A0F7 /* [CP] Embed Pods Frameworks */,
				F9D29E4790D287B2692DFAC4 /* [CP] Copy Pods Resources */,
			);
			buildRules = (
			);
			dependencies = (
			);
			name = mySwift;
			productName = mySwift;
			productReference = 110621521F6FB6000015A4B3 /* mySwift.app */;
			productType = "com.apple.product-type.application";
		};
		110621651F6FB6000015A4B3 /* mySwiftTests */ = {
			isa = PBXNativeTarget;
			buildConfigurationList = 1106217D1F6FB6000015A4B3 /* Build configuration list for PBXNativeTarget "mySwiftTests" */;
			buildPhases = (
				110621621F6FB6000015A4B3 /* Sources */,
				110621631F6FB6000015A4B3 /* Frameworks */,
				110621641F6FB6000015A4B3 /* Resources */,
			);
			buildRules = (
			);
			dependencies = (
				110621681F6FB6000015A4B3 /* PBXTargetDependency */,
			);
			name = mySwiftTests;
			productName = mySwiftTests;
			productReference = 110621661F6FB6000015A4B3 /* mySwiftTests.xctest */;
			productType = "com.apple.product-type.bundle.unit-test";
		};
		110621701F6FB6000015A4B3 /* mySwiftUITests */ = {
			isa = PBXNativeTarget;
			buildConfigurationList = 110621801F6FB6000015A4B3 /* Build configuration list for PBXNativeTarget "mySwiftUITests" */;
			buildPhases = (
				1106216D1F6FB6000015A4B3 /* Sources */,
				1106216E1F6FB6000015A4B3 /* Frameworks */,
				1106216F1F6FB6000015A4B3 /* Resources */,
			);
			buildRules = (
			);
			dependencies = (
				110621731F6FB6000015A4B3 /* PBXTargetDependency */,
			);
			name = mySwiftUITests;
			productName = mySwiftUITests;
			productReference = 110621711F6FB6000015A4B3 /* mySwiftUITests.xctest */;
			productType = "com.apple.product-type.bundle.ui-testing";
		};
/* End PBXNativeTarget section */

/* Begin PBXProject section */
		1106214A1F6FB6000015A4B3 /* Project object */ = {
			isa = PBXProject;
			attributes = {
				LastSwiftUpdateCheck = 0830;
				LastUpgradeCheck = 0830;
				ORGANIZATIONNAME = "中天易观";
				TargetAttributes = {
					110621511F6FB6000015A4B3 = {
						CreatedOnToolsVersion = 8.3.3;
						DevelopmentTeam = 6VBE2N88LJ;
						ProvisioningStyle = Automatic;
					};
					110621651F6FB6000015A4B3 = {
						CreatedOnToolsVersion = 8.3.3;
						DevelopmentTeam = 6VBE2N88LJ;
						ProvisioningStyle = Automatic;
						TestTargetID = 110621511F6FB6000015A4B3;
					};
					110621701F6FB6000015A4B3 = {
						CreatedOnToolsVersion = 8.3.3;
						DevelopmentTeam = 6VBE2N88LJ;
						ProvisioningStyle = Automatic;
						TestTargetID = 110621511F6FB6000015A4B3;
					};
				};
			};
			buildConfigurationList = 1106214D1F6FB6000015A4B3 /* Build configuration list for PBXProject "mySwift" */;
			compatibilityVersion = "Xcode 3.2";
			developmentRegion = English;
			hasScannedForEncodings = 0;
			knownRegions = (
				en,
				Base,
			);
			mainGroup = 110621491F6FB6000015A4B3;
			productRefGroup = 110621531F6FB6000015A4B3 /* Products */;
			projectDirPath = "";
			projectRoot = "";
			targets = (
				110621511F6FB6000015A4B3 /* mySwift */,
				110621651F6FB6000015A4B3 /* mySwiftTests */,
				110621701F6FB6000015A4B3 /* mySwiftUITests */,
			);
		};
/* End PBXProject section */

/* Begin PBXResourcesBuildPhase section */
		110621501F6FB6000015A4B3 /* Resources */ = {
			isa = PBXResourcesBuildPhase;
			buildActionMask = 2147483647;
			files = (
				110621601F6FB6000015A4B3 /* LaunchScreen.storyboard in Resources */,
				1106215D1F6FB6000015A4B3 /* Assets.xcassets in Resources */,
				1106215B1F6FB6000015A4B3 /* Main.storyboard in Resources */,
			);
			runOnlyForDeploymentPostprocessing = 0;
		};
		110621641F6FB6000015A4B3 /* Resources */ = {
			isa = PBXResourcesBuildPhase;
			buildActionMask = 2147483647;
			files = (
			);
			runOnlyForDeploymentPostprocessing = 0;
		};
		1106216F1F6FB6000015A4B3 /* Resources */ = {
			isa = PBXResourcesBuildPhase;
			buildActionMask = 2147483647;
			files = (
			);
			runOnlyForDeploymentPostprocessing = 0;
		};
/* End PBXResourcesBuildPhase section */

/* Begin PBXShellScriptBuildPhase section */
		9E2B5FD3EF3CD4C8A036A0F7 /* [CP] Embed Pods Frameworks */ = {
			isa = PBXShellScriptBuildPhase;
			buildActionMask = 2147483647;
			files = (
			);
			inputPaths = (
			);
			name = "[CP] Embed Pods Frameworks";
			outputPaths = (
			);
			runOnlyForDeploymentPostprocessing = 0;
			shellPath = /bin/sh;
			shellScript = "\"${SRCROOT}/Pods/Target Support Files/Pods-mySwift/Pods-mySwift-frameworks.sh\"\n";
			showEnvVarsInLog = 0;
		};
		F877B772356FD25B28947318 /* [CP] Check Pods Manifest.lock */ = {
			isa = PBXShellScriptBuildPhase;
			buildActionMask = 2147483647;
			files = (
			);
			inputPaths = (
			);
			name = "[CP] Check Pods Manifest.lock";
			outputPaths = (
			);
			runOnlyForDeploymentPostprocessing = 0;
			shellPath = /bin/sh;
			shellScript = "diff \"${PODS_PODFILE_DIR_PATH}/Podfile.lock\" \"${PODS_ROOT}/Manifest.lock\" > /dev/null\nif [ $? != 0 ] ; then\n    # print error to STDERR\n    echo \"error: The sandbox is not in sync with the Podfile.lock. Run 'pod install' or update your CocoaPods installation.\" >&2\n    exit 1\nfi\n";
			showEnvVarsInLog = 0;
		};
		F9D29E4790D287B2692DFAC4 /* [CP] Copy Pods Resources */ = {
			isa = PBXShellScriptBuildPhase;
			buildActionMask = 2147483647;
			files = (
			);
			inputPaths = (
			);
			name = "[CP] Copy Pods Resources";
			outputPaths = (
			);
			runOnlyForDeploymentPostprocessing = 0;
			shellPath = /bin/sh;
			shellScript = "\"${SRCROOT}/Pods/Target Support Files/Pods-mySwift/Pods-mySwift-resources.sh\"\n";
			showEnvVarsInLog = 0;
		};
/* End PBXShellScriptBuildPhase section */

/* Begin PBXSourcesBuildPhase section */
		1106214E1F6FB6000015A4B3 /* Sources */ = {
			isa = PBXSourcesBuildPhase;
			buildActionMask = 2147483647;
			files = (
				115715A31F73B98F00F0D099 /* HomeNavigationBar.swift in Sources */,
				115715891F73AEBA00F0D099 /* WeiTouTiaoViewController.swift in Sources */,
				110621581F6FB6000015A4B3 /* ViewController.swift in Sources */,
				115715961F73AEC300F0D099 /* MineViewController.swift in Sources */,
				1157159A1F73B27B00F0D099 /* UIColor+Extension.swift in Sources */,
				115715951F73AEC300F0D099 /* VideoViewController.swift in Sources */,
				1157158A1F73AEBA00F0D099 /* Const.swift in Sources */,
				115715A51F73C24400F0D099 /* HomeSearchBar.swift in Sources */,
				1157158D1F73AEBA00F0D099 /* MyNavigationController.swift in Sources */,
				1157159F1F73B89800F0D099 /* HomeViewController.swift in Sources */,
				1157158C1F73AEBA00F0D099 /* AppDelegate.swift in Sources */,
				115715971F73AEC300F0D099 /* AdvertiseViewController.swift in Sources */,
				1157158E1F73AEBA00F0D099 /* MyTabBarController.swift in Sources */,
			);
			runOnlyForDeploymentPostprocessing = 0;
		};
		110621621F6FB6000015A4B3 /* Sources */ = {
			isa = PBXSourcesBuildPhase;
			buildActionMask = 2147483647;
			files = (
				1106216B1F6FB6000015A4B3 /* mySwiftTests.swift in Sources */,
			);
			runOnlyForDeploymentPostprocessing = 0;
		};
		1106216D1F6FB6000015A4B3 /* Sources */ = {
			isa = PBXSourcesBuildPhase;
			buildActionMask = 2147483647;
			files = (
				110621761F6FB6000015A4B3 /* mySwiftUITests.swift in Sources */,
			);
			runOnlyForDeploymentPostprocessing = 0;
		};
/* End PBXSourcesBuildPhase section */

/* Begin PBXTargetDependency section */
		110621681F6FB6000015A4B3 /* PBXTargetDependency */ = {
			isa = PBXTargetDependency;
			target = 110621511F6FB6000015A4B3 /* mySwift */;
			targetProxy = 110621671F6FB6000015A4B3 /* PBXContainerItemProxy */;
		};
		110621731F6FB6000015A4B3 /* PBXTargetDependency */ = {
			isa = PBXTargetDependency;
			target = 110621511F6FB6000015A4B3 /* mySwift */;
			targetProxy = 110621721F6FB6000015A4B3 /* PBXContainerItemProxy */;
		};
/* End PBXTargetDependency section */

/* Begin PBXVariantGroup section */
		110621591F6FB6000015A4B3 /* Main.storyboard */ = {
			isa = PBXVariantGroup;
			children = (
				1106215A1F6FB6000015A4B3 /* Base */,
			);
			name = Main.storyboard;
			sourceTree = "<group>";
		};
		1106215E1F6FB6000015A4B3 /* LaunchScreen.storyboard */ = {
			isa = PBXVariantGroup;
			children = (
				1106215F1F6FB6000015A4B3 /* Base */,
			);
			name = LaunchScreen.storyboard;
			sourceTree = "<group>";
		};
/* End PBXVariantGroup section */

/* Begin XCBuildConfiguration section */
		110621781F6FB6000015A4B3 /* Debug */ = {
			isa = XCBuildConfiguration;
			buildSettings = {
				ALWAYS_SEARCH_USER_PATHS = NO;
				CLANG_ANALYZER_NONNULL = YES;
				CLANG_ANALYZER_NUMBER_OBJECT_CONVERSION = YES_AGGRESSIVE;
				CLANG_CXX_LANGUAGE_STANDARD = "gnu++0x";
				CLANG_CXX_LIBRARY = "libc++";
				CLANG_ENABLE_MODULES = YES;
				CLANG_ENABLE_OBJC_ARC = YES;
				CLANG_WARN_BOOL_CONVERSION = YES;
				CLANG_WARN_CONSTANT_CONVERSION = YES;
				CLANG_WARN_DIRECT_OBJC_ISA_USAGE = YES_ERROR;
				CLANG_WARN_DOCUMENTATION_COMMENTS = YES;
				CLANG_WARN_EMPTY_BODY = YES;
				CLANG_WARN_ENUM_CONVERSION = YES;
				CLANG_WARN_INFINITE_RECURSION = YES;
				CLANG_WARN_INT_CONVERSION = YES;
				CLANG_WARN_OBJC_ROOT_CLASS = YES_ERROR;
				CLANG_WARN_SUSPICIOUS_MOVE = YES;
				CLANG_WARN_UNREACHABLE_CODE = YES;
				CLANG_WARN__DUPLICATE_METHOD_MATCH = YES;
				"CODE_SIGN_IDENTITY[sdk=iphoneos*]" = "iPhone Developer";
				COPY_PHASE_STRIP = NO;
				DEBUG_INFORMATION_FORMAT = dwarf;
				ENABLE_STRICT_OBJC_MSGSEND = YES;
				ENABLE_TESTABILITY = YES;
				GCC_C_LANGUAGE_STANDARD = gnu99;
				GCC_DYNAMIC_NO_PIC = NO;
				GCC_NO_COMMON_BLOCKS = YES;
				GCC_OPTIMIZATION_LEVEL = 0;
				GCC_PREPROCESSOR_DEFINITIONS = (
					"DEBUG=1",
					"$(inherited)",
				);
				GCC_WARN_64_TO_32_BIT_CONVERSION = YES;
				GCC_WARN_ABOUT_RETURN_TYPE = YES_ERROR;
				GCC_WARN_UNDECLARED_SELECTOR = YES;
				GCC_WARN_UNINITIALIZED_AUTOS = YES_AGGRESSIVE;
				GCC_WARN_UNUSED_FUNCTION = YES;
				GCC_WARN_UNUSED_VARIABLE = YES;
				IPHONEOS_DEPLOYMENT_TARGET = 10.3;
				MTL_ENABLE_DEBUG_INFO = YES;
				ONLY_ACTIVE_ARCH = YES;
				SDKROOT = iphoneos;
				SWIFT_ACTIVE_COMPILATION_CONDITIONS = DEBUG;
				SWIFT_OPTIMIZATION_LEVEL = "-Onone";
			};
			name = Debug;
		};
		110621791F6FB6000015A4B3 /* Release */ = {
			isa = XCBuildConfiguration;
			buildSettings = {
				ALWAYS_SEARCH_USER_PATHS = NO;
				CLANG_ANALYZER_NONNULL = YES;
				CLANG_ANALYZER_NUMBER_OBJECT_CONVERSION = YES_AGGRESSIVE;
				CLANG_CXX_LANGUAGE_STANDARD = "gnu++0x";
				CLANG_CXX_LIBRARY = "libc++";
				CLANG_ENABLE_MODULES = YES;
				CLANG_ENABLE_OBJC_ARC = YES;
				CLANG_WARN_BOOL_CONVERSION = YES;
				CLANG_WARN_CONSTANT_CONVERSION = YES;
				CLANG_WARN_DIRECT_OBJC_ISA_USAGE = YES_ERROR;
				CLANG_WARN_DOCUMENTATION_COMMENTS = YES;
				CLANG_WARN_EMPTY_BODY = YES;
				CLANG_WARN_ENUM_CONVERSION = YES;
				CLANG_WARN_INFINITE_RECURSION = YES;
				CLANG_WARN_INT_CONVERSION = YES;
				CLANG_WARN_OBJC_ROOT_CLASS = YES_ERROR;
				CLANG_WARN_SUSPICIOUS_MOVE = YES;
				CLANG_WARN_UNREACHABLE_CODE = YES;
				CLANG_WARN__DUPLICATE_METHOD_MATCH = YES;
				"CODE_SIGN_IDENTITY[sdk=iphoneos*]" = "iPhone Developer";
				COPY_PHASE_STRIP = NO;
				DEBUG_INFORMATION_FORMAT = "dwarf-with-dsym";
				ENABLE_NS_ASSERTIONS = NO;
				ENABLE_STRICT_OBJC_MSGSEND = YES;
				GCC_C_LANGUAGE_STANDARD = gnu99;
				GCC_NO_COMMON_BLOCKS = YES;
				GCC_WARN_64_TO_32_BIT_CONVERSION = YES;
				GCC_WARN_ABOUT_RETURN_TYPE = YES_ERROR;
				GCC_WARN_UNDECLARED_SELECTOR = YES;
				GCC_WARN_UNINITIALIZED_AUTOS = YES_AGGRESSIVE;
				GCC_WARN_UNUSED_FUNCTION = YES;
				GCC_WARN_UNUSED_VARIABLE = YES;
				IPHONEOS_DEPLOYMENT_TARGET = 10.3;
				MTL_ENABLE_DEBUG_INFO = NO;
				SDKROOT = iphoneos;
				SWIFT_OPTIMIZATION_LEVEL = "-Owholemodule";
				VALIDATE_PRODUCT = YES;
			};
			name = Release;
		};
		1106217B1F6FB6000015A4B3 /* Debug */ = {
			isa = XCBuildConfiguration;
			baseConfigurationReference = 9A1EE46F02D8E38E67B1F114 /* Pods-mySwift.debug.xcconfig */;
			buildSettings = {
				ASSETCATALOG_COMPILER_APPICON_NAME = AppIcon;
				DEVELOPMENT_TEAM = 6VBE2N88LJ;
				INFOPLIST_FILE = mySwift/Info.plist;
				LD_RUNPATH_SEARCH_PATHS = "$(inherited) @executable_path/Frameworks";
				PRODUCT_BUNDLE_IDENTIFIER = com.iezview.mySwift;
				PRODUCT_NAME = "$(TARGET_NAME)";
				SWIFT_VERSION = 3.0;
			};
			name = Debug;
		};
		1106217C1F6FB6000015A4B3 /* Release */ = {
			isa = XCBuildConfiguration;
			baseConfigurationReference = D8CA00A8C42E5F251656E103 /* Pods-mySwift.release.xcconfig */;
			buildSettings = {
				ASSETCATALOG_COMPILER_APPICON_NAME = AppIcon;
				DEVELOPMENT_TEAM = 6VBE2N88LJ;
				INFOPLIST_FILE = mySwift/Info.plist;
				LD_RUNPATH_SEARCH_PATHS = "$(inherited) @executable_path/Frameworks";
				PRODUCT_BUNDLE_IDENTIFIER = com.iezview.mySwift;
				PRODUCT_NAME = "$(TARGET_NAME)";
				SWIFT_VERSION = 3.0;
			};
			name = Release;
		};
		1106217E1F6FB6000015A4B3 /* Debug */ = {
			isa = XCBuildConfiguration;
			buildSettings = {
				ALWAYS_EMBED_SWIFT_STANDARD_LIBRARIES = YES;
				BUNDLE_LOADER = "$(TEST_HOST)";
				DEVELOPMENT_TEAM = 6VBE2N88LJ;
				INFOPLIST_FILE = mySwiftTests/Info.plist;
				LD_RUNPATH_SEARCH_PATHS = "$(inherited) @executable_path/Frameworks @loader_path/Frameworks";
				PRODUCT_BUNDLE_IDENTIFIER = com.iezview.mySwiftTests;
				PRODUCT_NAME = "$(TARGET_NAME)";
				SWIFT_VERSION = 3.0;
				TEST_HOST = "$(BUILT_PRODUCTS_DIR)/mySwift.app/mySwift";
			};
			name = Debug;
		};
		1106217F1F6FB6000015A4B3 /* Release */ = {
			isa = XCBuildConfiguration;
			buildSettings = {
				ALWAYS_EMBED_SWIFT_STANDARD_LIBRARIES = YES;
				BUNDLE_LOADER = "$(TEST_HOST)";
				DEVELOPMENT_TEAM = 6VBE2N88LJ;
				INFOPLIST_FILE = mySwiftTests/Info.plist;
				LD_RUNPATH_SEARCH_PATHS = "$(inherited) @executable_path/Frameworks @loader_path/Frameworks";
				PRODUCT_BUNDLE_IDENTIFIER = com.iezview.mySwiftTests;
				PRODUCT_NAME = "$(TARGET_NAME)";
				SWIFT_VERSION = 3.0;
				TEST_HOST = "$(BUILT_PRODUCTS_DIR)/mySwift.app/mySwift";
			};
			name = Release;
		};
		110621811F6FB6000015A4B3 /* Debug */ = {
			isa = XCBuildConfiguration;
			buildSettings = {
				ALWAYS_EMBED_SWIFT_STANDARD_LIBRARIES = YES;
				DEVELOPMENT_TEAM = 6VBE2N88LJ;
				INFOPLIST_FILE = mySwiftUITests/Info.plist;
				LD_RUNPATH_SEARCH_PATHS = "$(inherited) @executable_path/Frameworks @loader_path/Frameworks";
				PRODUCT_BUNDLE_IDENTIFIER = com.iezview.mySwiftUITests;
				PRODUCT_NAME = "$(TARGET_NAME)";
				SWIFT_VERSION = 3.0;
				TEST_TARGET_NAME = mySwift;
			};
			name = Debug;
		};
		110621821F6FB6000015A4B3 /* Release */ = {
			isa = XCBuildConfiguration;
			buildSettings = {
				ALWAYS_EMBED_SWIFT_STANDARD_LIBRARIES = YES;
				DEVELOPMENT_TEAM = 6VBE2N88LJ;
				INFOPLIST_FILE = mySwiftUITests/Info.plist;
				LD_RUNPATH_SEARCH_PATHS = "$(inherited) @executable_path/Frameworks @loader_path/Frameworks";
				PRODUCT_BUNDLE_IDENTIFIER = com.iezview.mySwiftUITests;
				PRODUCT_NAME = "$(TARGET_NAME)";
				SWIFT_VERSION = 3.0;
				TEST_TARGET_NAME = mySwift;
			};
			name = Release;
		};
/* End XCBuildConfiguration section */

/* Begin XCConfigurationList section */
		1106214D1F6FB6000015A4B3 /* Build configuration list for PBXProject "mySwift" */ = {
			isa = XCConfigurationList;
			buildConfigurations = (
				110621781F6FB6000015A4B3 /* Debug */,
				110621791F6FB6000015A4B3 /* Release */,
			);
			defaultConfigurationIsVisible = 0;
			defaultConfigurationName = Release;
		};
		1106217A1F6FB6000015A4B3 /* Build configuration list for PBXNativeTarget "mySwift" */ = {
			isa = XCConfigurationList;
			buildConfigurations = (
				1106217B1F6FB6000015A4B3 /* Debug */,
				1106217C1F6FB6000015A4B3 /* Release */,
			);
			defaultConfigurationIsVisible = 0;
			defaultConfigurationName = Release;
		};
		1106217D1F6FB6000015A4B3 /* Build configuration list for PBXNativeTarget "mySwiftTests" */ = {
			isa = XCConfigurationList;
			buildConfigurations = (
				1106217E1F6FB6000015A4B3 /* Debug */,
				1106217F1F6FB6000015A4B3 /* Release */,
			);
			defaultConfigurationIsVisible = 0;
			defaultConfigurationName = Release;
		};
		110621801F6FB6000015A4B3 /* Build configuration list for PBXNativeTarget "mySwiftUITests" */ = {
			isa = XCConfigurationList;
			buildConfigurations = (
				110621811F6FB6000015A4B3 /* Debug */,
				110621821F6FB6000015A4B3 /* Release */,
			);
			defaultConfigurationIsVisible = 0;
			defaultConfigurationName = Release;
		};
/* End XCConfigurationList section */
	};
	rootObject = 1106214A1F6FB6000015A4B3 /* Project object */;
}
